
Microsoft Visual Studio Solution File, Format Version 12.00
# Visual Studio Version 16
VisualStudioVersion = 16.0.29519.87
MinimumVisualStudioVersion = 10.0.40219.1
Project("{FAE04EC0-301F-11D3-BF4B-00C04F79EFBC}") = "Test2_1", "Test2_1\Test2_1.csproj", "{CA840297-4527-48B1-8D49-6DFCF9E05AAA}"
EndProject
Global
	GlobalSection(SolutionConfigurationPlatforms) = preSolution
		Debug|Any CPU = Debug|Any CPU
		Release|Any CPU = Release|Any CPU
	EndGlobalSection
	GlobalSection(ProjectConfigurationPlatforms) = postSolution
		{CA840297-4527-48B1-8D49-6DFCF9E05AAA}.Debug|Any CPU.ActiveCfg = Debug|Any CPU
		{CA840297-4527-48B1-8D49-6DFCF9E05AAA}.Debug|Any CPU.Build.0 = Debug|Any CPU
		{CA840297-4527-48B1-8D49-6DFCF9E05AAA}.Release|Any CPU.ActiveCfg = Release|Any CPU
		{CA840297-4527-48B1-8D49-6DFCF9E05AAA}.Release|Any CPU.Build.0 = Release|Any CPU
	EndGlobalSection
	GlobalSection(SolutionProperties) = preSolution
		HideSolutionNode = FALSE
	EndGlobalSection
	GlobalSection(ExtensibilityGlobals) = postSolution
		SolutionGuid = {A42B8A2F-ADAA-4269-B9A7-58FCCBAF592C}
	EndGlobalSection
EndGlobal
